// !$*UTF8*$!
{
	archiveVersion = 1;
	classes = {
	};
	objectVersion = 77;
	objects = {

/* Begin PBXBuildFile section */
		8E14A7182D0636B10018AC53 /* CallViewModel.swift in Sources */ = {isa = PBXBuildFile; fileRef = 8E14A7172D0636B10018AC53 /* CallViewModel.swift */; };
		8E251B352D03A5EF003F4F45 /* CallCoordinator.swift in Sources */ = {isa = PBXBuildFile; fileRef = 8E251B342D03A5EF003F4F45 /* CallCoordinator.swift */; };
		8EBF757C2D0B89F000EF7F00 /* CallTopBarView.swift in Sources */ = {isa = PBXBuildFile; fileRef = 8EBF757B2D0B89F000EF7F00 /* CallTopBarView.swift */; };
		8EBF757E2D0B8A0E00EF7F00 /* CallActionBoxView.swift in Sources */ = {isa = PBXBuildFile; fileRef = 8EBF757D2D0B8A0E00EF7F00 /* CallActionBoxView.swift */; };
		8EBF75802D0B8C2800EF7F00 /* UISymbolButton.swift in Sources */ = {isa = PBXBuildFile; fileRef = 8EBF757F2D0B8C2800EF7F00 /* UISymbolButton.swift */; };
		8EFD54492CDD4E1A001FA09A /* AppDelegate.swift in Sources */ = {isa = PBXBuildFile; fileRef = 8EFD543C2CDD4E1A001FA09A /* AppDelegate.swift */; };
		8EFD544A2CDD4E1A001FA09A /* CallViewController.swift in Sources */ = {isa = PBXBuildFile; fileRef = 8EFD543E2CDD4E1A001FA09A /* CallViewController.swift */; };
		8EFD544C2CDD4E1A001FA09A /* RoundedButtonView.swift in Sources */ = {isa = PBXBuildFile; fileRef = 8EFD54452CDD4E1A001FA09A /* RoundedButtonView.swift */; };
		8EFD544D2CDD4E1A001FA09A /* SceneDelegate.swift in Sources */ = {isa = PBXBuildFile; fileRef = 8EFD54462CDD4E1A001FA09A /* SceneDelegate.swift */; };
		8EFD544E2CDD4E1A001FA09A /* UIColor.swift in Sources */ = {isa = PBXBuildFile; fileRef = 8EFD54472CDD4E1A001FA09A /* UIColor.swift */; };
		8EFD544F2CDD4E1A001FA09A /* Assets.xcassets in Resources */ = {isa = PBXBuildFile; fileRef = 8EFD543D2CDD4E1A001FA09A /* Assets.xcassets */; };
		8EFD54512CDD4E1A001FA09A /* LaunchScreen.storyboard in Resources */ = {isa = PBXBuildFile; fileRef = 8EFD54422CDD4E1A001FA09A /* LaunchScreen.storyboard */; };
		8EFD54522CDD4E1A001FA09A /* Main.storyboard in Resources */ = {isa = PBXBuildFile; fileRef = 8EFD54442CDD4E1A001FA09A /* Main.storyboard */; };
		8EFD54592CDD6804001FA09A /* UIImage.swift in Sources */ = {isa = PBXBuildFile; fileRef = 8EFD54582CDD6804001FA09A /* UIImage.swift */; };
		8EFD545B2CDD719A001FA09A /* Marimba.mp3 in Resources */ = {isa = PBXBuildFile; fileRef = 8EFD545A2CDD719A001FA09A /* Marimba.mp3 */; };
/* End PBXBuildFile section */

/* Begin PBXFileReference section */
		8E14A7172D0636B10018AC53 /* CallViewModel.swift */ = {isa = PBXFileReference; lastKnownFileType = sourcecode.swift; path = CallViewModel.swift; sourceTree = "<group>"; };
		8E251B342D03A5EF003F4F45 /* CallCoordinator.swift */ = {isa = PBXFileReference; lastKnownFileType = sourcecode.swift; path = CallCoordinator.swift; sourceTree = "<group>"; };
		8E7A47AC2CDAB251005C5115 /* call-screen-sample.app */ = {isa = PBXFileReference; explicitFileType = wrapper.application; includeInIndex = 0; path = "call-screen-sample.app"; sourceTree = BUILT_PRODUCTS_DIR; };
		8EBF757B2D0B89F000EF7F00 /* CallTopBarView.swift */ = {isa = PBXFileReference; lastKnownFileType = sourcecode.swift; path = CallTopBarView.swift; sourceTree = "<group>"; };
		8EBF757D2D0B8A0E00EF7F00 /* CallActionBoxView.swift */ = {isa = PBXFileReference; lastKnownFileType = sourcecode.swift; path = CallActionBoxView.swift; sourceTree = "<group>"; };
		8EBF757F2D0B8C2800EF7F00 /* UISymbolButton.swift */ = {isa = PBXFileReference; lastKnownFileType = sourcecode.swift; path = UISymbolButton.swift; sourceTree = "<group>"; };
		8EFD543C2CDD4E1A001FA09A /* AppDelegate.swift */ = {isa = PBXFileReference; lastKnownFileType = sourcecode.swift; path = AppDelegate.swift; sourceTree = "<group>"; };
		8EFD543D2CDD4E1A001FA09A /* Assets.xcassets */ = {isa = PBXFileReference; lastKnownFileType = folder.assetcatalog; path = Assets.xcassets; sourceTree = "<group>"; };
		8EFD543E2CDD4E1A001FA09A /* CallViewController.swift */ = {isa = PBXFileReference; lastKnownFileType = sourcecode.swift; path = CallViewController.swift; sourceTree = "<group>"; };
		8EFD54402CDD4E1A001FA09A /* Info.plist */ = {isa = PBXFileReference; lastKnownFileType = text.plist.xml; path = Info.plist; sourceTree = "<group>"; };
		8EFD54412CDD4E1A001FA09A /* Base */ = {isa = PBXFileReference; lastKnownFileType = file.storyboard; name = Base; path = Base.lproj/LaunchScreen.storyboard; sourceTree = "<group>"; };
		8EFD54432CDD4E1A001FA09A /* Base */ = {isa = PBXFileReference; lastKnownFileType = file.storyboard; name = Base; path = Base.lproj/Main.storyboard; sourceTree = "<group>"; };
		8EFD54452CDD4E1A001FA09A /* RoundedButtonView.swift */ = {isa = PBXFileReference; lastKnownFileType = sourcecode.swift; path = RoundedButtonView.swift; sourceTree = "<group>"; };
		8EFD54462CDD4E1A001FA09A /* SceneDelegate.swift */ = {isa = PBXFileReference; lastKnownFileType = sourcecode.swift; path = SceneDelegate.swift; sourceTree = "<group>"; };
		8EFD54472CDD4E1A001FA09A /* UIColor.swift */ = {isa = PBXFileReference; lastKnownFileType = sourcecode.swift; path = UIColor.swift; sourceTree = "<group>"; };
		8EFD54582CDD6804001FA09A /* UIImage.swift */ = {isa = PBXFileReference; lastKnownFileType = sourcecode.swift; path = UIImage.swift; sourceTree = "<group>"; };
		8EFD545A2CDD719A001FA09A /* Marimba.mp3 */ = {isa = PBXFileReference; lastKnownFileType = audio.mp3; path = Marimba.mp3; sourceTree = "<group>"; };
/* End PBXFileReference section */

/* Begin PBXFrameworksBuildPhase section */
		8E7A47A92CDAB251005C5115 /* Frameworks */ = {
			isa = PBXFrameworksBuildPhase;
			buildActionMask = 2147483647;
			files = (
			);
			runOnlyForDeploymentPostprocessing = 0;
		};
/* End PBXFrameworksBuildPhase section */

/* Begin PBXGroup section */
		8E14A7162D0636400018AC53 /* ViewModels */ = {
			isa = PBXGroup;
			children = (
				8E14A7172D0636B10018AC53 /* CallViewModel.swift */,
			);
			path = ViewModels;
			sourceTree = "<group>";
		};
		8E7A47A32CDAB251005C5115 = {
			isa = PBXGroup;
			children = (
				8EFD54482CDD4E1A001FA09A /* call-screen-sample */,
				8E7A47AD2CDAB251005C5115 /* Products */,
			);
			sourceTree = "<group>";
		};
		8E7A47AD2CDAB251005C5115 /* Products */ = {
			isa = PBXGroup;
			children = (
				8E7A47AC2CDAB251005C5115 /* call-screen-sample.app */,
			);
			name = Products;
			sourceTree = "<group>";
		};
		8EFD54482CDD4E1A001FA09A /* call-screen-sample */ = {
			isa = PBXGroup;
			children = (
				8EFD54532CDD4E2A001FA09A /* Delegates */,
				8EFD54552CDD4E66001FA09A /* Coordinators */,
				8E14A7162D0636400018AC53 /* ViewModels */,
				8EFD54542CDD4E5D001FA09A /* ViewControllers */,
				8EFD54562CDD4E6F001FA09A /* Views */,
				8EFD54572CDD4EC7001FA09A /* Extension */,
				8EFD543D2CDD4E1A001FA09A /* Assets.xcassets */,
				8EFD54402CDD4E1A001FA09A /* Info.plist */,
				8EFD54422CDD4E1A001FA09A /* LaunchScreen.storyboard */,
				8EFD54442CDD4E1A001FA09A /* Main.storyboard */,
				8EFD545A2CDD719A001FA09A /* Marimba.mp3 */,
			);
			path = "call-screen-sample";
			sourceTree = "<group>";
		};
		8EFD54532CDD4E2A001FA09A /* Delegates */ = {
			isa = PBXGroup;
			children = (
				8EFD54462CDD4E1A001FA09A /* SceneDelegate.swift */,
				8EFD543C2CDD4E1A001FA09A /* AppDelegate.swift */,
			);
			path = Delegates;
			sourceTree = "<group>";
		};
		8EFD54542CDD4E5D001FA09A /* ViewControllers */ = {
			isa = PBXGroup;
			children = (
				8EFD543E2CDD4E1A001FA09A /* CallViewController.swift */,
			);
			path = ViewControllers;
			sourceTree = "<group>";
		};
		8EFD54552CDD4E66001FA09A /* Coordinators */ = {
			isa = PBXGroup;
			children = (
				8E251B342D03A5EF003F4F45 /* CallCoordinator.swift */,
			);
			path = Coordinators;
			sourceTree = "<group>";
		};
		8EFD54562CDD4E6F001FA09A /* Views */ = {
			isa = PBXGroup;
			children = (
				8EFD54452CDD4E1A001FA09A /* RoundedButtonView.swift */,
				8EBF757B2D0B89F000EF7F00 /* CallTopBarView.swift */,
				8EBF757D2D0B8A0E00EF7F00 /* CallActionBoxView.swift */,
				8EBF757F2D0B8C2800EF7F00 /* UISymbolButton.swift */,
			);
			path = Views;
			sourceTree = "<group>";
		};
		8EFD54572CDD4EC7001FA09A /* Extension */ = {
			isa = PBXGroup;
			children = (
				8EFD54472CDD4E1A001FA09A /* UIColor.swift */,
				8EFD54582CDD6804001FA09A /* UIImage.swift */,
			);
			path = Extension;
			sourceTree = "<group>";
		};
/* End PBXGroup section */

/* Begin PBXNativeTarget section */
		8E7A47AB2CDAB251005C5115 /* call-screen-sample */ = {
			isa = PBXNativeTarget;
			buildConfigurationList = 8E7A47BF2CDAB252005C5115 /* Build configuration list for PBXNativeTarget "call-screen-sample" */;
			buildPhases = (
				8E7A47A82CDAB251005C5115 /* Sources */,
				8E7A47A92CDAB251005C5115 /* Frameworks */,
				8E7A47AA2CDAB251005C5115 /* Resources */,
			);
			buildRules = (
			);
			dependencies = (
			);
			name = "call-screen-sample";
			packageProductDependencies = (
			);
			productName = "call-screen-sample";
			productReference = 8E7A47AC2CDAB251005C5115 /* call-screen-sample.app */;
			productType = "com.apple.product-type.application";
		};
/* End PBXNativeTarget section */

/* Begin PBXProject section */
		8E7A47A42CDAB251005C5115 /* Project object */ = {
			isa = PBXProject;
			attributes = {
				BuildIndependentTargetsInParallel = 1;
				LastSwiftUpdateCheck = 1610;
				LastUpgradeCheck = 1610;
				TargetAttributes = {
					8E7A47AB2CDAB251005C5115 = {
						CreatedOnToolsVersion = 16.1;
					};
				};
			};
			buildConfigurationList = 8E7A47A72CDAB251005C5115 /* Build configuration list for PBXProject "call-screen-sample" */;
			developmentRegion = en;
			hasScannedForEncodings = 0;
			knownRegions = (
				en,
				Base,
			);
			mainGroup = 8E7A47A32CDAB251005C5115;
			minimizedProjectReferenceProxies = 1;
			preferredProjectObjectVersion = 77;
			productRefGroup = 8E7A47AD2CDAB251005C5115 /* Products */;
			projectDirPath = "";
			projectRoot = "";
			targets = (
				8E7A47AB2CDAB251005C5115 /* call-screen-sample */,
			);
		};
/* End PBXProject section */

/* Begin PBXResourcesBuildPhase section */
		8E7A47AA2CDAB251005C5115 /* Resources */ = {
			isa = PBXResourcesBuildPhase;
			buildActionMask = 2147483647;
			files = (
				8EFD544F2CDD4E1A001FA09A /* Assets.xcassets in Resources */,
				8EFD54512CDD4E1A001FA09A /* LaunchScreen.storyboard in Resources */,
				8EFD545B2CDD719A001FA09A /* Marimba.mp3 in Resources */,
				8EFD54522CDD4E1A001FA09A /* Main.storyboard in Resources */,
			);
			runOnlyForDeploymentPostprocessing = 0;
		};
/* End PBXResourcesBuildPhase section */

/* Begin PBXSourcesBuildPhase section */
		8E7A47A82CDAB251005C5115 /* Sources */ = {
			isa = PBXSourcesBuildPhase;
			buildActionMask = 2147483647;
			files = (
				8EFD54492CDD4E1A001FA09A /* AppDelegate.swift in Sources */,
				8EFD544A2CDD4E1A001FA09A /* CallViewController.swift in Sources */,
				8EBF757E2D0B8A0E00EF7F00 /* CallActionBoxView.swift in Sources */,
				8EBF75802D0B8C2800EF7F00 /* UISymbolButton.swift in Sources */,
				8EFD544C2CDD4E1A001FA09A /* RoundedButtonView.swift in Sources */,
				8EFD544D2CDD4E1A001FA09A /* SceneDelegate.swift in Sources */,
				8EFD544E2CDD4E1A001FA09A /* UIColor.swift in Sources */,
				8E251B352D03A5EF003F4F45 /* CallCoordinator.swift in Sources */,
				8E14A7182D0636B10018AC53 /* CallViewModel.swift in Sources */,
				8EBF757C2D0B89F000EF7F00 /* CallTopBarView.swift in Sources */,
				8EFD54592CDD6804001FA09A /* UIImage.swift in Sources */,
			);
			runOnlyForDeploymentPostprocessing = 0;
		};
/* End PBXSourcesBuildPhase section */

/* Begin PBXVariantGroup section */
		8EFD54422CDD4E1A001FA09A /* LaunchScreen.storyboard */ = {
			isa = PBXVariantGroup;
			children = (
				8EFD54412CDD4E1A001FA09A /* Base */,
			);
			name = LaunchScreen.storyboard;
			sourceTree = "<group>";
		};
		8EFD54442CDD4E1A001FA09A /* Main.storyboard */ = {
			isa = PBXVariantGroup;
			children = (
				8EFD54432CDD4E1A001FA09A /* Base */,
			);
			name = Main.storyboard;
			sourceTree = "<group>";
		};
/* End PBXVariantGroup section */

/* Begin XCBuildConfiguration section */
		8E7A47C02CDAB252005C5115 /* Debug */ = {
			isa = XCBuildConfiguration;
			buildSettings = {
				ASSETCATALOG_COMPILER_APPICON_NAME = AppIcon;
				ASSETCATALOG_COMPILER_GLOBAL_ACCENT_COLOR_NAME = AccentColor;
				CODE_SIGN_STYLE = Automatic;
				CURRENT_PROJECT_VERSION = 1;
				DEVELOPMENT_TEAM = M4YMDNRFZP;
				GENERATE_INFOPLIST_FILE = YES;
				INFOPLIST_FILE = "call-screen-sample/Info.plist";
				INFOPLIST_KEY_UIApplicationSupportsIndirectInputEvents = YES;
				INFOPLIST_KEY_UILaunchStoryboardName = LaunchScreen;
				INFOPLIST_KEY_UIMainStoryboardFile = Main;
				INFOPLIST_KEY_UISupportedInterfaceOrientations_iPad = "UIInterfaceOrientationPortrait UIInterfaceOrientationPortraitUpsideDown UIInterfaceOrientationLandscapeLeft UIInterfaceOrientationLandscapeRight";
				INFOPLIST_KEY_UISupportedInterfaceOrientations_iPhone = "UIInterfaceOrientationPortrait UIInterfaceOrientationLandscapeLeft UIInterfaceOrientationLandscapeRight";
				IPHONEOS_DEPLOYMENT_TARGET = 15.0;
				LD_RUNPATH_SEARCH_PATHS = (
					"$(inherited)",
					"@executable_path/Frameworks",
				);
				MARKETING_VERSION = 1.0;
				PRODUCT_BUNDLE_IDENTIFIER = "Filipp-Lazarev.call-screen-sample";
				PRODUCT_NAME = "$(TARGET_NAME)";
				SUPPORTED_PLATFORMS = "iphoneos iphonesimulator";
				SUPPORTS_MACCATALYST = NO;
				SUPPORTS_MAC_DESIGNED_FOR_IPHONE_IPAD = NO;
				SUPPORTS_XR_DESIGNED_FOR_IPHONE_IPAD = NO;
				SWIFT_EMIT_LOC_STRINGS = YES;
				SWIFT_VERSION = 5.0;
				TARGETED_DEVICE_FAMILY = 1;
			};
			name = Debug;
		};
		8E7A47C12CDAB252005C5115 /* Release */ = {
			isa = XCBuildConfiguration;
			buildSettings = {
				ASSETCATALOG_COMPILER_APPICON_NAME = AppIcon;
				ASSETCATALOG_COMPILER_GLOBAL_ACCENT_COLOR_NAME = AccentColor;
				CODE_SIGN_STYLE = Automatic;
				CURRENT_PROJECT_VERSION = 1;
				DEVELOPMENT_TEAM = M4YMDNRFZP;
				GENERATE_INFOPLIST_FILE = YES;
				INFOPLIST_FILE = "call-screen-sample/Info.plist";
				INFOPLIST_KEY_UIApplicationSupportsIndirectInputEvents = YES;
				INFOPLIST_KEY_UILaunchStoryboardName = LaunchScreen;
				INFOPLIST_KEY_UIMainStoryboardFile = Main;
				INFOPLIST_KEY_UISupportedInterfaceOrientations_iPad = "UIInterfaceOrientationPortrait UIInterfaceOrientationPortraitUpsideDown UIInterfaceOrientationLandscapeLeft UIInterfaceOrientationLandscapeRight";
				INFOPLIST_KEY_UISupportedInterfaceOrientations_iPhone = "UIInterfaceOrientationPortrait UIInterfaceOrientationLandscapeLeft UIInterfaceOrientationLandscapeRight";
				IPHONEOS_DEPLOYMENT_TARGET = 15.0;
				LD_RUNPATH_SEARCH_PATHS = (
					"$(inherited)",
					"@executable_path/Frameworks",
				);
				MARKETING_VERSION = 1.0;
				PRODUCT_BUNDLE_IDENTIFIER = "Filipp-Lazarev.call-screen-sample";
				PRODUCT_NAME = "$(TARGET_NAME)";
				SUPPORTED_PLATFORMS = "iphoneos iphonesimulator";
				SUPPORTS_MACCATALYST = NO;
				SUPPORTS_MAC_DESIGNED_FOR_IPHONE_IPAD = NO;
				SUPPORTS_XR_DESIGNED_FOR_IPHONE_IPAD = NO;
				SWIFT_EMIT_LOC_STRINGS = YES;
				SWIFT_VERSION = 5.0;
				TARGETED_DEVICE_FAMILY = 1;
			};
			name = Release;
		};
		8E7A47C22CDAB252005C5115 /* Debug */ = {
			isa = XCBuildConfiguration;
			buildSettings = {
				ALWAYS_SEARCH_USER_PATHS = NO;
				ASSETCATALOG_COMPILER_GENERATE_SWIFT_ASSET_SYMBOL_EXTENSIONS = YES;
				CLANG_ANALYZER_NONNULL = YES;
				CLANG_ANALYZER_NUMBER_OBJECT_CONVERSION = YES_AGGRESSIVE;
				CLANG_CXX_LANGUAGE_STANDARD = "gnu++20";
				CLANG_ENABLE_MODULES = YES;
				CLANG_ENABLE_OBJC_ARC = YES;
				CLANG_ENABLE_OBJC_WEAK = YES;
				CLANG_WARN_BLOCK_CAPTURE_AUTORELEASING = YES;
				CLANG_WARN_BOOL_CONVERSION = YES;
				CLANG_WARN_COMMA = YES;
				CLANG_WARN_CONSTANT_CONVERSION = YES;
				CLANG_WARN_DEPRECATED_OBJC_IMPLEMENTATIONS = YES;
				CLANG_WARN_DIRECT_OBJC_ISA_USAGE = YES_ERROR;
				CLANG_WARN_DOCUMENTATION_COMMENTS = YES;
				CLANG_WARN_EMPTY_BODY = YES;
				CLANG_WARN_ENUM_CONVERSION = YES;
				CLANG_WARN_INFINITE_RECURSION = YES;
				CLANG_WARN_INT_CONVERSION = YES;
				CLANG_WARN_NON_LITERAL_NULL_CONVERSION = YES;
				CLANG_WARN_OBJC_IMPLICIT_RETAIN_SELF = YES;
				CLANG_WARN_OBJC_LITERAL_CONVERSION = YES;
				CLANG_WARN_OBJC_ROOT_CLASS = YES_ERROR;
				CLANG_WARN_QUOTED_INCLUDE_IN_FRAMEWORK_HEADER = YES;
				CLANG_WARN_RANGE_LOOP_ANALYSIS = YES;
				CLANG_WARN_STRICT_PROTOTYPES = YES;
				CLANG_WARN_SUSPICIOUS_MOVE = YES;
				CLANG_WARN_UNGUARDED_AVAILABILITY = YES_AGGRESSIVE;
				CLANG_WARN_UNREACHABLE_CODE = YES;
				CLANG_WARN__DUPLICATE_METHOD_MATCH = YES;
				COPY_PHASE_STRIP = NO;
				DEBUG_INFORMATION_FORMAT = dwarf;
				ENABLE_STRICT_OBJC_MSGSEND = YES;
				ENABLE_TESTABILITY = YES;
				ENABLE_USER_SCRIPT_SANDBOXING = YES;
				GCC_C_LANGUAGE_STANDARD = gnu17;
				GCC_DYNAMIC_NO_PIC = NO;
				GCC_NO_COMMON_BLOCKS = YES;
				GCC_OPTIMIZATION_LEVEL = 0;
				GCC_PREPROCESSOR_DEFINITIONS = (
					"DEBUG=1",
					"$(inherited)",
				);
				GCC_WARN_64_TO_32_BIT_CONVERSION = YES;
				GCC_WARN_ABOUT_RETURN_TYPE = YES_ERROR;
				GCC_WARN_UNDECLARED_SELECTOR = YES;
				GCC_WARN_UNINITIALIZED_AUTOS = YES_AGGRESSIVE;
				GCC_WARN_UNUSED_FUNCTION = YES;
				GCC_WARN_UNUSED_VARIABLE = YES;
				IPHONEOS_DEPLOYMENT_TARGET = 18.1;
				LOCALIZATION_PREFERS_STRING_CATALOGS = YES;
				MTL_ENABLE_DEBUG_INFO = INCLUDE_SOURCE;
				MTL_FAST_MATH = YES;
				ONLY_ACTIVE_ARCH = YES;
				SDKROOT = iphoneos;
				SWIFT_ACTIVE_COMPILATION_CONDITIONS = "DEBUG $(inherited)";
				SWIFT_OPTIMIZATION_LEVEL = "-Onone";
			};
			name = Debug;
		};
		8E7A47C32CDAB252005C5115 /* Release */ = {
			isa = XCBuildConfiguration;
			buildSettings = {
				ALWAYS_SEARCH_USER_PATHS = NO;
				ASSETCATALOG_COMPILER_GENERATE_SWIFT_ASSET_SYMBOL_EXTENSIONS = YES;
				CLANG_ANALYZER_NONNULL = YES;
				CLANG_ANALYZER_NUMBER_OBJECT_CONVERSION = YES_AGGRESSIVE;
				CLANG_CXX_LANGUAGE_STANDARD = "gnu++20";
				CLANG_ENABLE_MODULES = YES;
				CLANG_ENABLE_OBJC_ARC = YES;
				CLANG_ENABLE_OBJC_WEAK = YES;
				CLANG_WARN_BLOCK_CAPTURE_AUTORELEASING = YES;
				CLANG_WARN_BOOL_CONVERSION = YES;
				CLANG_WARN_COMMA = YES;
				CLANG_WARN_CONSTANT_CONVERSION = YES;
				CLANG_WARN_DEPRECATED_OBJC_IMPLEMENTATIONS = YES;
				CLANG_WARN_DIRECT_OBJC_ISA_USAGE = YES_ERROR;
				CLANG_WARN_DOCUMENTATION_COMMENTS = YES;
				CLANG_WARN_EMPTY_BODY = YES;
				CLANG_WARN_ENUM_CONVERSION = YES;
				CLANG_WARN_INFINITE_RECURSION = YES;
				CLANG_WARN_INT_CONVERSION = YES;
				CLANG_WARN_NON_LITERAL_NULL_CONVERSION = YES;
				CLANG_WARN_OBJC_IMPLICIT_RETAIN_SELF = YES;
				CLANG_WARN_OBJC_LITERAL_CONVERSION = YES;
				CLANG_WARN_OBJC_ROOT_CLASS = YES_ERROR;
				CLANG_WARN_QUOTED_INCLUDE_IN_FRAMEWORK_HEADER = YES;
				CLANG_WARN_RANGE_LOOP_ANALYSIS = YES;
				CLANG_WARN_STRICT_PROTOTYPES = YES;
				CLANG_WARN_SUSPICIOUS_MOVE = YES;
				CLANG_WARN_UNGUARDED_AVAILABILITY = YES_AGGRESSIVE;
				CLANG_WARN_UNREACHABLE_CODE = YES;
				CLANG_WARN__DUPLICATE_METHOD_MATCH = YES;
				COPY_PHASE_STRIP = NO;
				DEBUG_INFORMATION_FORMAT = "dwarf-with-dsym";
				ENABLE_NS_ASSERTIONS = NO;
				ENABLE_STRICT_OBJC_MSGSEND = YES;
				ENABLE_USER_SCRIPT_SANDBOXING = YES;
				GCC_C_LANGUAGE_STANDARD = gnu17;
				GCC_NO_COMMON_BLOCKS = YES;
				GCC_WARN_64_TO_32_BIT_CONVERSION = YES;
				GCC_WARN_ABOUT_RETURN_TYPE = YES_ERROR;
				GCC_WARN_UNDECLARED_SELECTOR = YES;
				GCC_WARN_UNINITIALIZED_AUTOS = YES_AGGRESSIVE;
				GCC_WARN_UNUSED_FUNCTION = YES;
				GCC_WARN_UNUSED_VARIABLE = YES;
				IPHONEOS_DEPLOYMENT_TARGET = 18.1;
				LOCALIZATION_PREFERS_STRING_CATALOGS = YES;
				MTL_ENABLE_DEBUG_INFO = NO;
				MTL_FAST_MATH = YES;
				SDKROOT = iphoneos;
				SWIFT_COMPILATION_MODE = wholemodule;
				VALIDATE_PRODUCT = YES;
			};
			name = Release;
		};
/* End XCBuildConfiguration section */

/* Begin XCConfigurationList section */
		8E7A47A72CDAB251005C5115 /* Build configuration list for PBXProject "call-screen-sample" */ = {
			isa = XCConfigurationList;
			buildConfigurations = (
				8E7A47C22CDAB252005C5115 /* Debug */,
				8E7A47C32CDAB252005C5115 /* Release */,
			);
			defaultConfigurationIsVisible = 0;
			defaultConfigurationName = Release;
		};
		8E7A47BF2CDAB252005C5115 /* Build configuration list for PBXNativeTarget "call-screen-sample" */ = {
			isa = XCConfigurationList;
			buildConfigurations = (
				8E7A47C02CDAB252005C5115 /* Debug */,
				8E7A47C12CDAB252005C5115 /* Release */,
			);
			defaultConfigurationIsVisible = 0;
			defaultConfigurationName = Release;
		};
/* End XCConfigurationList section */
	};
	rootObject = 8E7A47A42CDAB251005C5115 /* Project object */;
}
